
Microsoft Visual Studio Solution File, Format Version 12.00
# Visual Studio Version 16
VisualStudioVersion = 16.0.33027.164
MinimumVisualStudioVersion = 10.0.40219.1
Project("{FAE04EC0-301F-11D3-BF4B-00C04F79EFBC}") = "Week7Test", "Week7Test\Week7Test.csproj", "{DCDD99BC-C73C-447B-923E-86B9F0D95469}"
EndProject
Global
	GlobalSection(SolutionConfigurationPlatforms) = preSolution
		Debug|Any CPU = Debug|Any CPU
		Release|Any CPU = Release|Any CPU
	EndGlobalSection
	GlobalSection(ProjectConfigurationPlatforms) = postSolution
		{DCDD99BC-C73C-447B-923E-86B9F0D95469}.Debug|Any CPU.ActiveCfg = Debug|Any CPU
		{DCDD99BC-C73C-447B-923E-86B9F0D95469}.Debug|Any CPU.Build.0 = Debug|Any CPU
		{DCDD99BC-C73C-447B-923E-86B9F0D95469}.Release|Any CPU.ActiveCfg = Release|Any CPU
		{DCDD99BC-C73C-447B-923E-86B9F0D95469}.Release|Any CPU.Build.0 = Release|Any CPU
	EndGlobalSection
	GlobalSection(SolutionProperties) = preSolution
		HideSolutionNode = FALSE
	EndGlobalSection
	GlobalSection(ExtensibilityGlobals) = postSolution
		SolutionGuid = {CD463A9E-4507-408A-88E3-A1ADE008111B}
	EndGlobalSection
EndGlobal
